{
  "name": "DSA",
  "version": "1.0.0",
  "lockfileVersion": 1,
  "requires": true,
  "dependencies": {
    "@datastructures-js/heap": {
      "version": "4.1.0",
      "resolved": "https://registry.npmjs.org/@datastructures-js/heap/-/heap-4.1.0.tgz",
      "integrity": "sha512-PFKWpDhd1BEdKw2FErddES8bLT6R2/FiivT42eByshG+9vNUpsGuOr7tsKcqRo1S3XyfBnQT711HVQt2k6xRQw=="
    },
    "@datastructures-js/priority-queue": {
      "version": "6.1.1",
      "resolved": "https://registry.npmjs.org/@datastructures-js/priority-queue/-/priority-queue-6.1.1.tgz",
      "integrity": "sha512-wKhIstYPW5bEbe8lzHLllktnrzw1P5KR0Rc5lZZTVMDjt6O4b8KxGxIvgs9txdtWdkVKFoiP2SbhxHArx2EYBA==",
      "requires": {
        "@datastructures-js/heap": "^4.0.2"
      }
    },
    "collections": {
      "version": "5.1.13",
      "resolved": "https://registry.npmjs.org/collections/-/collections-5.1.13.tgz",
      "integrity": "sha512-SCb6Qd+d3Z02corWQ7/mqXiXeeTdHvkP6TeFSYfGYdCFp1WrjSNZ3j6y8Y3T/7osGEe0iOcU2g1d346l99m4Lg==",
      "requires": {
        "weak-map": "~1.0.x"
      }
    },
    "weak-map": {
      "version": "1.0.8",
      "resolved": "https://registry.npmjs.org/weak-map/-/weak-map-1.0.8.tgz",
      "integrity": "sha512-lNR9aAefbGPpHO7AEnY0hCFjz1eTkWCXYvkTRrTHs9qv8zJp+SkVYpzfLIFXQQiG3tVvbNFQgVg2bQS8YGgxyw=="
    }
  }
}
